
Microsoft Visual Studio Solution File, Format Version 12.00
# Visual Studio 15
VisualStudioVersion = 15.0.28010.2046
MinimumVisualStudioVersion = 10.0.40219.1
Project("{FAE04EC0-301F-11D3-BF4B-00C04F79EFBC}") = "ProjectVersionUpgrader", "ProjectVersionUpgrader\ProjectVersionUpgrader.csproj", "{D2D0417C-AD7F-406F-BE65-A8F875B75E83}"
EndProject
Global
	GlobalSection(SolutionConfigurationPlatforms) = preSolution
		Debug|Any CPU = Debug|Any CPU
		Release|Any CPU = Release|Any CPU
	EndGlobalSection
	GlobalSection(ProjectConfigurationPlatforms) = postSolution
		{D2D0417C-AD7F-406F-BE65-A8F875B75E83}.Debug|Any CPU.ActiveCfg = Debug|Any CPU
		{D2D0417C-AD7F-406F-BE65-A8F875B75E83}.Debug|Any CPU.Build.0 = Debug|Any CPU
		{D2D0417C-AD7F-406F-BE65-A8F875B75E83}.Release|Any CPU.ActiveCfg = Release|Any CPU
		{D2D0417C-AD7F-406F-BE65-A8F875B75E83}.Release|Any CPU.Build.0 = Release|Any CPU
	EndGlobalSection
	GlobalSection(SolutionProperties) = preSolution
		HideSolutionNode = FALSE
	EndGlobalSection
	GlobalSection(ExtensibilityGlobals) = postSolution
		SolutionGuid = {98ED72E6-920A-4E35-A490-B08F83FD9758}
	EndGlobalSection
EndGlobal
